// !$*UTF8*$!
{
	archiveVersion = 1;
	classes = {
	};
	objectVersion = 56;
	objects = {

/* Begin PBXBuildFile section */
		780886882AA9E6980064A6AB /* StateSwiftUIApp.swift in Sources */ = {isa = PBXBuildFile; fileRef = 780886872AA9E6980064A6AB /* StateSwiftUIApp.swift */; };
		7808868A2AA9E6980064A6AB /* MainView.swift in Sources */ = {isa = PBXBuildFile; fileRef = 780886892AA9E6980064A6AB /* MainView.swift */; };
		7808868C2AA9E6990064A6AB /* Assets.xcassets in Resources */ = {isa = PBXBuildFile; fileRef = 7808868B2AA9E6990064A6AB /* Assets.xcassets */; };
		7808868F2AA9E6990064A6AB /* Preview Assets.xcassets in Resources */ = {isa = PBXBuildFile; fileRef = 7808868E2AA9E6990064A6AB /* Preview Assets.xcassets */; };
		7808869A2AA9EAED0064A6AB /* IncomeView.swift in Sources */ = {isa = PBXBuildFile; fileRef = 780886992AA9EAED0064A6AB /* IncomeView.swift */; };
		7808869D2AA9EB640064A6AB /* Currency.swift in Sources */ = {isa = PBXBuildFile; fileRef = 7808869C2AA9EB640064A6AB /* Currency.swift */; };
		780886A12AA9F1520064A6AB /* Account.swift in Sources */ = {isa = PBXBuildFile; fileRef = 780886A02AA9F1510064A6AB /* Account.swift */; };
		780886A32AA9F4D50064A6AB /* ExpenseView.swift in Sources */ = {isa = PBXBuildFile; fileRef = 780886A22AA9F4D50064A6AB /* ExpenseView.swift */; };
		780886A52AA9F5180064A6AB /* DebtView.swift in Sources */ = {isa = PBXBuildFile; fileRef = 780886A42AA9F5180064A6AB /* DebtView.swift */; };
		780886A72AA9F54C0064A6AB /* InvestmentView.swift in Sources */ = {isa = PBXBuildFile; fileRef = 780886A62AA9F54C0064A6AB /* InvestmentView.swift */; };
		780886AB2AA9F7D20064A6AB /* CurrencyExchange.swift in Sources */ = {isa = PBXBuildFile; fileRef = 780886AA2AA9F7D20064A6AB /* CurrencyExchange.swift */; };
		780886AD2AA9F8110064A6AB /* ActionView.swift in Sources */ = {isa = PBXBuildFile; fileRef = 780886AC2AA9F8110064A6AB /* ActionView.swift */; };
		780886AF2AAA66080064A6AB /* ChartView.swift in Sources */ = {isa = PBXBuildFile; fileRef = 780886AE2AAA66080064A6AB /* ChartView.swift */; };
/* End PBXBuildFile section */

/* Begin PBXFileReference section */
		780886842AA9E6980064A6AB /* StateSwiftUI.app */ = {isa = PBXFileReference; explicitFileType = wrapper.application; includeInIndex = 0; path = StateSwiftUI.app; sourceTree = BUILT_PRODUCTS_DIR; };
		780886872AA9E6980064A6AB /* StateSwiftUIApp.swift */ = {isa = PBXFileReference; lastKnownFileType = sourcecode.swift; path = StateSwiftUIApp.swift; sourceTree = "<group>"; };
		780886892AA9E6980064A6AB /* MainView.swift */ = {isa = PBXFileReference; lastKnownFileType = sourcecode.swift; path = MainView.swift; sourceTree = "<group>"; };
		7808868B2AA9E6990064A6AB /* Assets.xcassets */ = {isa = PBXFileReference; lastKnownFileType = folder.assetcatalog; path = Assets.xcassets; sourceTree = "<group>"; };
		7808868E2AA9E6990064A6AB /* Preview Assets.xcassets */ = {isa = PBXFileReference; lastKnownFileType = folder.assetcatalog; path = "Preview Assets.xcassets"; sourceTree = "<group>"; };
		780886992AA9EAED0064A6AB /* IncomeView.swift */ = {isa = PBXFileReference; lastKnownFileType = sourcecode.swift; path = IncomeView.swift; sourceTree = "<group>"; };
		7808869C2AA9EB640064A6AB /* Currency.swift */ = {isa = PBXFileReference; lastKnownFileType = sourcecode.swift; path = Currency.swift; sourceTree = "<group>"; };
		780886A02AA9F1510064A6AB /* Account.swift */ = {isa = PBXFileReference; lastKnownFileType = sourcecode.swift; path = Account.swift; sourceTree = "<group>"; };
		780886A22AA9F4D50064A6AB /* ExpenseView.swift */ = {isa = PBXFileReference; lastKnownFileType = sourcecode.swift; path = ExpenseView.swift; sourceTree = "<group>"; };
		780886A42AA9F5180064A6AB /* DebtView.swift */ = {isa = PBXFileReference; lastKnownFileType = sourcecode.swift; path = DebtView.swift; sourceTree = "<group>"; };
		780886A62AA9F54C0064A6AB /* InvestmentView.swift */ = {isa = PBXFileReference; lastKnownFileType = sourcecode.swift; path = InvestmentView.swift; sourceTree = "<group>"; };
		780886AA2AA9F7D20064A6AB /* CurrencyExchange.swift */ = {isa = PBXFileReference; lastKnownFileType = sourcecode.swift; path = CurrencyExchange.swift; sourceTree = "<group>"; };
		780886AC2AA9F8110064A6AB /* ActionView.swift */ = {isa = PBXFileReference; lastKnownFileType = sourcecode.swift; path = ActionView.swift; sourceTree = "<group>"; };
		780886AE2AAA66080064A6AB /* ChartView.swift */ = {isa = PBXFileReference; lastKnownFileType = sourcecode.swift; path = ChartView.swift; sourceTree = "<group>"; };
/* End PBXFileReference section */

/* Begin PBXFrameworksBuildPhase section */
		780886812AA9E6980064A6AB /* Frameworks */ = {
			isa = PBXFrameworksBuildPhase;
			buildActionMask = 2147483647;
			files = (
			);
			runOnlyForDeploymentPostprocessing = 0;
		};
/* End PBXFrameworksBuildPhase section */

/* Begin PBXGroup section */
		7808867B2AA9E6980064A6AB = {
			isa = PBXGroup;
			children = (
				780886862AA9E6980064A6AB /* StateSwiftUI */,
				780886852AA9E6980064A6AB /* Products */,
			);
			sourceTree = "<group>";
		};
		780886852AA9E6980064A6AB /* Products */ = {
			isa = PBXGroup;
			children = (
				780886842AA9E6980064A6AB /* StateSwiftUI.app */,
			);
			name = Products;
			sourceTree = "<group>";
		};
		780886862AA9E6980064A6AB /* StateSwiftUI */ = {
			isa = PBXGroup;
			children = (
				7808869B2AA9EB550064A6AB /* Models */,
				780886952AA9E6D00064A6AB /* Views */,
				780886872AA9E6980064A6AB /* StateSwiftUIApp.swift */,
				7808868B2AA9E6990064A6AB /* Assets.xcassets */,
				7808868D2AA9E6990064A6AB /* Preview Content */,
			);
			path = StateSwiftUI;
			sourceTree = "<group>";
		};
		7808868D2AA9E6990064A6AB /* Preview Content */ = {
			isa = PBXGroup;
			children = (
				7808868E2AA9E6990064A6AB /* Preview Assets.xcassets */,
			);
			path = "Preview Content";
			sourceTree = "<group>";
		};
		780886952AA9E6D00064A6AB /* Views */ = {
			isa = PBXGroup;
			children = (
				780886962AA9EA500064A6AB /* Accounts */,
				780886892AA9E6980064A6AB /* MainView.swift */,
				780886AC2AA9F8110064A6AB /* ActionView.swift */,
				780886AE2AAA66080064A6AB /* ChartView.swift */,
			);
			path = Views;
			sourceTree = "<group>";
		};
		780886962AA9EA500064A6AB /* Accounts */ = {
			isa = PBXGroup;
			children = (
				780886992AA9EAED0064A6AB /* IncomeView.swift */,
				780886A22AA9F4D50064A6AB /* ExpenseView.swift */,
				780886A42AA9F5180064A6AB /* DebtView.swift */,
				780886A62AA9F54C0064A6AB /* InvestmentView.swift */,
			);
			path = Accounts;
			sourceTree = "<group>";
		};
		7808869B2AA9EB550064A6AB /* Models */ = {
			isa = PBXGroup;
			children = (
				7808869C2AA9EB640064A6AB /* Currency.swift */,
				780886A02AA9F1510064A6AB /* Account.swift */,
				780886AA2AA9F7D20064A6AB /* CurrencyExchange.swift */,
			);
			path = Models;
			sourceTree = "<group>";
		};
/* End PBXGroup section */

/* Begin PBXNativeTarget section */
		780886832AA9E6980064A6AB /* StateSwiftUI */ = {
			isa = PBXNativeTarget;
			buildConfigurationList = 780886922AA9E6990064A6AB /* Build configuration list for PBXNativeTarget "StateSwiftUI" */;
			buildPhases = (
				780886802AA9E6980064A6AB /* Sources */,
				780886812AA9E6980064A6AB /* Frameworks */,
				780886822AA9E6980064A6AB /* Resources */,
			);
			buildRules = (
			);
			dependencies = (
			);
			name = StateSwiftUI;
			productName = StateSwiftUI;
			productReference = 780886842AA9E6980064A6AB /* StateSwiftUI.app */;
			productType = "com.apple.product-type.application";
		};
/* End PBXNativeTarget section */

/* Begin PBXProject section */
		7808867C2AA9E6980064A6AB /* Project object */ = {
			isa = PBXProject;
			attributes = {
				BuildIndependentTargetsInParallel = 1;
				LastSwiftUpdateCheck = 1430;
				LastUpgradeCheck = 1430;
				TargetAttributes = {
					780886832AA9E6980064A6AB = {
						CreatedOnToolsVersion = 14.3.1;
					};
				};
			};
			buildConfigurationList = 7808867F2AA9E6980064A6AB /* Build configuration list for PBXProject "StateSwiftUI" */;
			compatibilityVersion = "Xcode 14.0";
			developmentRegion = en;
			hasScannedForEncodings = 0;
			knownRegions = (
				en,
				Base,
			);
			mainGroup = 7808867B2AA9E6980064A6AB;
			productRefGroup = 780886852AA9E6980064A6AB /* Products */;
			projectDirPath = "";
			projectRoot = "";
			targets = (
				780886832AA9E6980064A6AB /* StateSwiftUI */,
			);
		};
/* End PBXProject section */

/* Begin PBXResourcesBuildPhase section */
		780886822AA9E6980064A6AB /* Resources */ = {
			isa = PBXResourcesBuildPhase;
			buildActionMask = 2147483647;
			files = (
				7808868F2AA9E6990064A6AB /* Preview Assets.xcassets in Resources */,
				7808868C2AA9E6990064A6AB /* Assets.xcassets in Resources */,
			);
			runOnlyForDeploymentPostprocessing = 0;
		};
/* End PBXResourcesBuildPhase section */

/* Begin PBXSourcesBuildPhase section */
		780886802AA9E6980064A6AB /* Sources */ = {
			isa = PBXSourcesBuildPhase;
			buildActionMask = 2147483647;
			files = (
				780886A12AA9F1520064A6AB /* Account.swift in Sources */,
				780886AB2AA9F7D20064A6AB /* CurrencyExchange.swift in Sources */,
				7808869D2AA9EB640064A6AB /* Currency.swift in Sources */,
				780886AD2AA9F8110064A6AB /* ActionView.swift in Sources */,
				7808868A2AA9E6980064A6AB /* MainView.swift in Sources */,
				7808869A2AA9EAED0064A6AB /* IncomeView.swift in Sources */,
				780886882AA9E6980064A6AB /* StateSwiftUIApp.swift in Sources */,
				780886A52AA9F5180064A6AB /* DebtView.swift in Sources */,
				780886A32AA9F4D50064A6AB /* ExpenseView.swift in Sources */,
				780886A72AA9F54C0064A6AB /* InvestmentView.swift in Sources */,
				780886AF2AAA66080064A6AB /* ChartView.swift in Sources */,
			);
			runOnlyForDeploymentPostprocessing = 0;
		};
/* End PBXSourcesBuildPhase section */

/* Begin XCBuildConfiguration section */
		780886902AA9E6990064A6AB /* Debug */ = {
			isa = XCBuildConfiguration;
			buildSettings = {
				ALWAYS_SEARCH_USER_PATHS = NO;
				CLANG_ANALYZER_NONNULL = YES;
				CLANG_ANALYZER_NUMBER_OBJECT_CONVERSION = YES_AGGRESSIVE;
				CLANG_CXX_LANGUAGE_STANDARD = "gnu++20";
				CLANG_ENABLE_MODULES = YES;
				CLANG_ENABLE_OBJC_ARC = YES;
				CLANG_ENABLE_OBJC_WEAK = YES;
				CLANG_WARN_BLOCK_CAPTURE_AUTORELEASING = YES;
				CLANG_WARN_BOOL_CONVERSION = YES;
				CLANG_WARN_COMMA = YES;
				CLANG_WARN_CONSTANT_CONVERSION = YES;
				CLANG_WARN_DEPRECATED_OBJC_IMPLEMENTATIONS = YES;
				CLANG_WARN_DIRECT_OBJC_ISA_USAGE = YES_ERROR;
				CLANG_WARN_DOCUMENTATION_COMMENTS = YES;
				CLANG_WARN_EMPTY_BODY = YES;
				CLANG_WARN_ENUM_CONVERSION = YES;
				CLANG_WARN_INFINITE_RECURSION = YES;
				CLANG_WARN_INT_CONVERSION = YES;
				CLANG_WARN_NON_LITERAL_NULL_CONVERSION = YES;
				CLANG_WARN_OBJC_IMPLICIT_RETAIN_SELF = YES;
				CLANG_WARN_OBJC_LITERAL_CONVERSION = YES;
				CLANG_WARN_OBJC_ROOT_CLASS = YES_ERROR;
				CLANG_WARN_QUOTED_INCLUDE_IN_FRAMEWORK_HEADER = YES;
				CLANG_WARN_RANGE_LOOP_ANALYSIS = YES;
				CLANG_WARN_STRICT_PROTOTYPES = YES;
				CLANG_WARN_SUSPICIOUS_MOVE = YES;
				CLANG_WARN_UNGUARDED_AVAILABILITY = YES_AGGRESSIVE;
				CLANG_WARN_UNREACHABLE_CODE = YES;
				CLANG_WARN__DUPLICATE_METHOD_MATCH = YES;
				COPY_PHASE_STRIP = NO;
				DEBUG_INFORMATION_FORMAT = dwarf;
				ENABLE_STRICT_OBJC_MSGSEND = YES;
				ENABLE_TESTABILITY = YES;
				GCC_C_LANGUAGE_STANDARD = gnu11;
				GCC_DYNAMIC_NO_PIC = NO;
				GCC_NO_COMMON_BLOCKS = YES;
				GCC_OPTIMIZATION_LEVEL = 0;
				GCC_PREPROCESSOR_DEFINITIONS = (
					"DEBUG=1",
					"$(inherited)",
				);
				GCC_WARN_64_TO_32_BIT_CONVERSION = YES;
				GCC_WARN_ABOUT_RETURN_TYPE = YES_ERROR;
				GCC_WARN_UNDECLARED_SELECTOR = YES;
				GCC_WARN_UNINITIALIZED_AUTOS = YES_AGGRESSIVE;
				GCC_WARN_UNUSED_FUNCTION = YES;
				GCC_WARN_UNUSED_VARIABLE = YES;
				IPHONEOS_DEPLOYMENT_TARGET = 16.4;
				MTL_ENABLE_DEBUG_INFO = INCLUDE_SOURCE;
				MTL_FAST_MATH = YES;
				ONLY_ACTIVE_ARCH = YES;
				SDKROOT = iphoneos;
				SWIFT_ACTIVE_COMPILATION_CONDITIONS = DEBUG;
				SWIFT_OPTIMIZATION_LEVEL = "-Onone";
			};
			name = Debug;
		};
		780886912AA9E6990064A6AB /* Release */ = {
			isa = XCBuildConfiguration;
			buildSettings = {
				ALWAYS_SEARCH_USER_PATHS = NO;
				CLANG_ANALYZER_NONNULL = YES;
				CLANG_ANALYZER_NUMBER_OBJECT_CONVERSION = YES_AGGRESSIVE;
				CLANG_CXX_LANGUAGE_STANDARD = "gnu++20";
				CLANG_ENABLE_MODULES = YES;
				CLANG_ENABLE_OBJC_ARC = YES;
				CLANG_ENABLE_OBJC_WEAK = YES;
				CLANG_WARN_BLOCK_CAPTURE_AUTORELEASING = YES;
				CLANG_WARN_BOOL_CONVERSION = YES;
				CLANG_WARN_COMMA = YES;
				CLANG_WARN_CONSTANT_CONVERSION = YES;
				CLANG_WARN_DEPRECATED_OBJC_IMPLEMENTATIONS = YES;
				CLANG_WARN_DIRECT_OBJC_ISA_USAGE = YES_ERROR;
				CLANG_WARN_DOCUMENTATION_COMMENTS = YES;
				CLANG_WARN_EMPTY_BODY = YES;
				CLANG_WARN_ENUM_CONVERSION = YES;
				CLANG_WARN_INFINITE_RECURSION = YES;
				CLANG_WARN_INT_CONVERSION = YES;
				CLANG_WARN_NON_LITERAL_NULL_CONVERSION = YES;
				CLANG_WARN_OBJC_IMPLICIT_RETAIN_SELF = YES;
				CLANG_WARN_OBJC_LITERAL_CONVERSION = YES;
				CLANG_WARN_OBJC_ROOT_CLASS = YES_ERROR;
				CLANG_WARN_QUOTED_INCLUDE_IN_FRAMEWORK_HEADER = YES;
				CLANG_WARN_RANGE_LOOP_ANALYSIS = YES;
				CLANG_WARN_STRICT_PROTOTYPES = YES;
				CLANG_WARN_SUSPICIOUS_MOVE = YES;
				CLANG_WARN_UNGUARDED_AVAILABILITY = YES_AGGRESSIVE;
				CLANG_WARN_UNREACHABLE_CODE = YES;
				CLANG_WARN__DUPLICATE_METHOD_MATCH = YES;
				COPY_PHASE_STRIP = NO;
				DEBUG_INFORMATION_FORMAT = "dwarf-with-dsym";
				ENABLE_NS_ASSERTIONS = NO;
				ENABLE_STRICT_OBJC_MSGSEND = YES;
				GCC_C_LANGUAGE_STANDARD = gnu11;
				GCC_NO_COMMON_BLOCKS = YES;
				GCC_WARN_64_TO_32_BIT_CONVERSION = YES;
				GCC_WARN_ABOUT_RETURN_TYPE = YES_ERROR;
				GCC_WARN_UNDECLARED_SELECTOR = YES;
				GCC_WARN_UNINITIALIZED_AUTOS = YES_AGGRESSIVE;
				GCC_WARN_UNUSED_FUNCTION = YES;
				GCC_WARN_UNUSED_VARIABLE = YES;
				IPHONEOS_DEPLOYMENT_TARGET = 16.4;
				MTL_ENABLE_DEBUG_INFO = NO;
				MTL_FAST_MATH = YES;
				SDKROOT = iphoneos;
				SWIFT_COMPILATION_MODE = wholemodule;
				SWIFT_OPTIMIZATION_LEVEL = "-O";
				VALIDATE_PRODUCT = YES;
			};
			name = Release;
		};
		780886932AA9E6990064A6AB /* Debug */ = {
			isa = XCBuildConfiguration;
			buildSettings = {
				ASSETCATALOG_COMPILER_APPICON_NAME = AppIcon;
				ASSETCATALOG_COMPILER_GLOBAL_ACCENT_COLOR_NAME = AccentColor;
				CODE_SIGN_STYLE = Automatic;
				CURRENT_PROJECT_VERSION = 1;
				DEVELOPMENT_ASSET_PATHS = "\"StateSwiftUI/Preview Content\"";
				DEVELOPMENT_TEAM = LERH2UNHBY;
				ENABLE_PREVIEWS = YES;
				GENERATE_INFOPLIST_FILE = YES;
				INFOPLIST_KEY_UIApplicationSceneManifest_Generation = YES;
				INFOPLIST_KEY_UIApplicationSupportsIndirectInputEvents = YES;
				INFOPLIST_KEY_UILaunchScreen_Generation = YES;
				INFOPLIST_KEY_UISupportedInterfaceOrientations_iPad = "UIInterfaceOrientationPortrait UIInterfaceOrientationPortraitUpsideDown UIInterfaceOrientationLandscapeLeft UIInterfaceOrientationLandscapeRight";
				INFOPLIST_KEY_UISupportedInterfaceOrientations_iPhone = "UIInterfaceOrientationPortrait UIInterfaceOrientationLandscapeLeft UIInterfaceOrientationLandscapeRight";
				LD_RUNPATH_SEARCH_PATHS = (
					"$(inherited)",
					"@executable_path/Frameworks",
				);
				MARKETING_VERSION = 1.0;
				PRODUCT_BUNDLE_IDENTIFIER = com.lyndachiwetelu.StateSwiftUI;
				PRODUCT_NAME = "$(TARGET_NAME)";
				SWIFT_EMIT_LOC_STRINGS = YES;
				SWIFT_VERSION = 5.0;
				TARGETED_DEVICE_FAMILY = "1,2";
			};
			name = Debug;
		};
		780886942AA9E6990064A6AB /* Release */ = {
			isa = XCBuildConfiguration;
			buildSettings = {
				ASSETCATALOG_COMPILER_APPICON_NAME = AppIcon;
				ASSETCATALOG_COMPILER_GLOBAL_ACCENT_COLOR_NAME = AccentColor;
				CODE_SIGN_STYLE = Automatic;
				CURRENT_PROJECT_VERSION = 1;
				DEVELOPMENT_ASSET_PATHS = "\"StateSwiftUI/Preview Content\"";
				DEVELOPMENT_TEAM = LERH2UNHBY;
				ENABLE_PREVIEWS = YES;
				GENERATE_INFOPLIST_FILE = YES;
				INFOPLIST_KEY_UIApplicationSceneManifest_Generation = YES;
				INFOPLIST_KEY_UIApplicationSupportsIndirectInputEvents = YES;
				INFOPLIST_KEY_UILaunchScreen_Generation = YES;
				INFOPLIST_KEY_UISupportedInterfaceOrientations_iPad = "UIInterfaceOrientationPortrait UIInterfaceOrientationPortraitUpsideDown UIInterfaceOrientationLandscapeLeft UIInterfaceOrientationLandscapeRight";
				INFOPLIST_KEY_UISupportedInterfaceOrientations_iPhone = "UIInterfaceOrientationPortrait UIInterfaceOrientationLandscapeLeft UIInterfaceOrientationLandscapeRight";
				LD_RUNPATH_SEARCH_PATHS = (
					"$(inherited)",
					"@executable_path/Frameworks",
				);
				MARKETING_VERSION = 1.0;
				PRODUCT_BUNDLE_IDENTIFIER = com.lyndachiwetelu.StateSwiftUI;
				PRODUCT_NAME = "$(TARGET_NAME)";
				SWIFT_EMIT_LOC_STRINGS = YES;
				SWIFT_VERSION = 5.0;
				TARGETED_DEVICE_FAMILY = "1,2";
			};
			name = Release;
		};
/* End XCBuildConfiguration section */

/* Begin XCConfigurationList section */
		7808867F2AA9E6980064A6AB /* Build configuration list for PBXProject "StateSwiftUI" */ = {
			isa = XCConfigurationList;
			buildConfigurations = (
				780886902AA9E6990064A6AB /* Debug */,
				780886912AA9E6990064A6AB /* Release */,
			);
			defaultConfigurationIsVisible = 0;
			defaultConfigurationName = Release;
		};
		780886922AA9E6990064A6AB /* Build configuration list for PBXNativeTarget "StateSwiftUI" */ = {
			isa = XCConfigurationList;
			buildConfigurations = (
				780886932AA9E6990064A6AB /* Debug */,
				780886942AA9E6990064A6AB /* Release */,
			);
			defaultConfigurationIsVisible = 0;
			defaultConfigurationName = Release;
		};
/* End XCConfigurationList section */
	};
	rootObject = 7808867C2AA9E6980064A6AB /* Project object */;
}
